
Microsoft Visual Studio Solution File, Format Version 12.00
# Visual Studio Version 16
VisualStudioVersion = 16.0.31205.134
MinimumVisualStudioVersion = 10.0.40219.1
Project("{FAE04EC0-301F-11D3-BF4B-00C04F79EFBC}") = "E_metro", "E_metro\E_metro.csproj", "{972175D3-D2CD-4D1A-9458-74FDC08D9D5E}"
EndProject
Global
	GlobalSection(SolutionConfigurationPlatforms) = preSolution
		Debug|Any CPU = Debug|Any CPU
		Release|Any CPU = Release|Any CPU
	EndGlobalSection
	GlobalSection(ProjectConfigurationPlatforms) = postSolution
		{972175D3-D2CD-4D1A-9458-74FDC08D9D5E}.Debug|Any CPU.ActiveCfg = Debug|Any CPU
		{972175D3-D2CD-4D1A-9458-74FDC08D9D5E}.Debug|Any CPU.Build.0 = Debug|Any CPU
		{972175D3-D2CD-4D1A-9458-74FDC08D9D5E}.Release|Any CPU.ActiveCfg = Release|Any CPU
		{972175D3-D2CD-4D1A-9458-74FDC08D9D5E}.Release|Any CPU.Build.0 = Release|Any CPU
	EndGlobalSection
	GlobalSection(SolutionProperties) = preSolution
		HideSolutionNode = FALSE
	EndGlobalSection
	GlobalSection(ExtensibilityGlobals) = postSolution
		SolutionGuid = {54B8B57B-4F8D-46E8-8F69-520BC5B51214}
	EndGlobalSection
EndGlobal
